<?xml version="1.0" encoding="utf-8"?>
<Project ToolsVersion="4.0" xmlns="http://schemas.microsoft.com/developer/msbuild/2003">
  <ItemGroup>
    <Filter Include="Source Files">
      <UniqueIdentifier>{4FC737F1-C7A5-4376-A066-2A32D752A2FF}</UniqueIdentifier>
      <Extensions>cpp;c;cc;cxx;def;odl;idl;hpj;bat;asm;asmx</Extensions>
    </Filter>
    <Filter Include="Header Files">
      <UniqueIdentifier>{93995380-89BD-4b04-88EB-625FBE52EBFB}</UniqueIdentifier>
      <Extensions>h;hh;hpp;hxx;hm;inl;inc;xsd</Extensions>
    </Filter>
    <Filter Include="Resource Files">
      <UniqueIdentifier>{67DA6AB6-F800-4c08-8B7A-83BB121AAD01}</UniqueIdentifier>
      <Extensions>qrc;rc;ico;cur;bmp;dlg;rc2;rct;bin;rgs;gif;jpg;jpeg;jpe;resx;tiff;tif;png;wav;mfcribbon-ms</Extensions>
    </Filter>
    <Filter Include="Form Files">
      <UniqueIdentifier>{99349809-55BA-4b9d-BF79-8FDBB0286EB3}</UniqueIdentifier>
      <Extensions>ui</Extensions>
    </Filter>
    <Filter Include="Translation Files">
      <UniqueIdentifier>{639EADAA-A684-42e4-A9AD-28FC9BCB8F7C}</UniqueIdentifier>
      <Extensions>ts</Extensions>
    </Filter>
  </ItemGroup>
  <ItemGroup>
    <QtRcc Include="xerodashboard.qrc">
      <Filter>Resource Files</Filter>
    </QtRcc>
    <QtMoc Include="XeroDashBoard.h">
      <Filter>Header Files</Filter>
    </QtMoc>
    <ClCompile Include="XeroDashBoard.cpp">
      <Filter>Source Files</Filter>
    </ClCompile>
  </ItemGroup>
  <ItemGroup>
    <ClCompile Include="main.cpp">
      <Filter>Source Files</Filter>
    </ClCompile>
    <ClCompile Include="DashView.cpp">
      <Filter>Source Files</Filter>
    </ClCompile>
    <ClCompile Include="NetworkTableTreeWidget.cpp">
      <Filter>Source Files</Filter>
    </ClCompile>
    <ClCompile Include="PlotListWidget.cpp">
      <Filter>Source Files</Filter>
    </ClCompile>
    <ClCompile Include="NetworkTableManager.cpp">
      <Filter>Source Files</Filter>
    </ClCompile>
    <ClCompile Include="XeroTreeWidgetBase.cpp">
      <Filter>Source Files</Filter>
    </ClCompile>
    <ClCompile Include="Plot.cpp">
      <Filter>Source Files</Filter>
    </ClCompile>
    <ClCompile Include="PlotMgr.cpp">
      <Filter>Source Files</Filter>
    </ClCompile>
    <ClCompile Include="NTFormattingUtils.cpp">
      <Filter>Source Files</Filter>
    </ClCompile>
    <ClCompile Include="XeroItemFrame.cpp">
      <Filter>Source Files</Filter>
    </ClCompile>
    <ClCompile Include="NTValueDisplayWidget.cpp">
      <Filter>Source Files</Filter>
    </ClCompile>
    <ClCompile Include="PlotWidget.cpp">
      <Filter>Source Files</Filter>
    </ClCompile>
    <ClCompile Include="PlotContainer.cpp">
      <Filter>Source Files</Filter>
    </ClCompile>
    <ClCompile Include="SingleChart.cpp">
      <Filter>Source Files</Filter>
    </ClCompile>
    <ClCompile Include="Callout.cpp">
      <Filter>Source Files</Filter>
    </ClCompile>
    <ClCompile Include="TabEditName.cpp">
      <Filter>Source Files</Filter>
    </ClCompile>
    <ClCompile Include="PreferencesDialog.cpp">
      <Filter>Source Files</Filter>
    </ClCompile>
    <ClCompile Include="EditableTabWidget.cpp">
      <Filter>Source Files</Filter>
    </ClCompile>
    <ClCompile Include="PathDisplayWidget.cpp">
      <Filter>Source Files</Filter>
    </ClCompile>
    <ClCompile Include="GameFieldManager.cpp">
      <Filter>Source Files</Filter>
    </ClCompile>
    <ClCompile Include="ManagerBase.cpp">
      <Filter>Source Files</Filter>
    </ClCompile>
    <ClCompile Include="UnitConverter.cpp">
      <Filter>Source Files</Filter>
    </ClCompile>
    <ClCompile Include="Pose2d.cpp">
      <Filter>Source Files</Filter>
    </ClCompile>
    <ClCompile Include="Rotation2d.cpp">
      <Filter>Source Files</Filter>
    </ClCompile>
    <ClCompile Include="Translation2d.cpp">
      <Filter>Source Files</Filter>
    </ClCompile>
    <ClCompile Include="Twist2d.cpp">
      <Filter>Source Files</Filter>
    </ClCompile>
    <ClCompile Include="MathUtils.cpp">
      <Filter>Source Files</Filter>
    </ClCompile>
  </ItemGroup>
  <ItemGroup>
    <Text Include="TODO.txt" />
  </ItemGroup>
  <ItemGroup>
    <QtMoc Include="DashView.h">
      <Filter>Header Files</Filter>
    </QtMoc>
    <QtMoc Include="NetworkTableTreeWidget.h">
      <Filter>Header Files</Filter>
    </QtMoc>
    <QtMoc Include="PlotListWidget.h">
      <Filter>Header Files</Filter>
    </QtMoc>
    <QtMoc Include="NetworkTableManager.h">
      <Filter>Header Files</Filter>
    </QtMoc>
    <QtMoc Include="XeroTreeWidgetBase.h">
      <Filter>Header Files</Filter>
    </QtMoc>
    <QtMoc Include="PlotMgr.h">
      <Filter>Header Files</Filter>
    </QtMoc>
    <QtMoc Include="Plot.h">
      <Filter>Header Files</Filter>
    </QtMoc>
    <QtMoc Include="XeroItemFrame.h">
      <Filter>Header Files</Filter>
    </QtMoc>
    <QtMoc Include="NTValueDisplayWidget.h">
      <Filter>Header Files</Filter>
    </QtMoc>
    <QtMoc Include="PlotWidget.h">
      <Filter>Header Files</Filter>
    </QtMoc>
    <QtMoc Include="PlotContainer.h">
      <Filter>Header Files</Filter>
    </QtMoc>
    <QtMoc Include="TabEditName.h">
      <Filter>Header Files</Filter>
    </QtMoc>
    <QtMoc Include="PreferencesDialog.h">
      <Filter>Header Files</Filter>
    </QtMoc>
    <QtMoc Include="EditableTabWidget.h">
      <Filter>Header Files</Filter>
    </QtMoc>
    <QtMoc Include="PathDisplayWidget.h">
      <Filter>Header Files</Filter>
    </QtMoc>
  </ItemGroup>
  <ItemGroup>
    <ClInclude Include="NTFormattingUtils.h">
      <Filter>Header Files</Filter>
    </ClInclude>
    <ClInclude Include="SingleChart.h">
      <Filter>Header Files</Filter>
    </ClInclude>
    <ClInclude Include="Callout.h">
      <Filter>Header Files</Filter>
    </ClInclude>
    <ClInclude Include="JsonFieldNames.h">
      <Filter>Header Files</Filter>
    </ClInclude>
    <ClInclude Include="GameFieldManager.h">
      <Filter>Header Files</Filter>
    </ClInclude>
    <ClInclude Include="ManagerBase.h">
      <Filter>Header Files</Filter>
    </ClInclude>
    <ClInclude Include="GameField.h">
      <Filter>Header Files</Filter>
    </ClInclude>
    <ClInclude Include="UnitConverter.h">
      <Filter>Header Files</Filter>
    </ClInclude>
    <ClInclude Include="Pose2d.h">
      <Filter>Header Files</Filter>
    </ClInclude>
    <ClInclude Include="Rotation2d.h">
      <Filter>Header Files</Filter>
    </ClInclude>
    <ClInclude Include="Translation2d.h">
      <Filter>Header Files</Filter>
    </ClInclude>
    <ClInclude Include="MathUtils.h">
      <Filter>Header Files</Filter>
    </ClInclude>
    <ClInclude Include="Twist2d.h">
      <Filter>Header Files</Filter>
    </ClInclude>
  </ItemGroup>
  <ItemGroup>
    <QtUic Include="PreferencesDialog.ui">
      <Filter>Form Files</Filter>
    </QtUic>
  </ItemGroup>
</Project>