
Microsoft Visual Studio Solution File, Format Version 12.00
# Visual Studio Version 16
VisualStudioVersion = 16.0.31702.278
MinimumVisualStudioVersion = 10.0.40219.1
Project("{8BC9CEB8-8B4A-11D0-8D11-00A0C91BC942}") = "xerodashboard", "xerodashboard\xerodashboard.vcxproj", "{2E02C92B-745E-43C0-950D-A9B51DDE6E13}"
EndProject
Global
	GlobalSection(SolutionConfigurationPlatforms) = preSolution
		Debug|x64 = Debug|x64
		Release|x64 = Release|x64
	EndGlobalSection
	GlobalSection(ProjectConfigurationPlatforms) = postSolution
		{2E02C92B-745E-43C0-950D-A9B51DDE6E13}.Debug|x64.ActiveCfg = Debug|x64
		{2E02C92B-745E-43C0-950D-A9B51DDE6E13}.Debug|x64.Build.0 = Debug|x64
		{2E02C92B-745E-43C0-950D-A9B51DDE6E13}.Release|x64.ActiveCfg = Release|x64
		{2E02C92B-745E-43C0-950D-A9B51DDE6E13}.Release|x64.Build.0 = Release|x64
	EndGlobalSection
	GlobalSection(SolutionProperties) = preSolution
		HideSolutionNode = FALSE
	EndGlobalSection
	GlobalSection(ExtensibilityGlobals) = postSolution
		SolutionGuid = {7CB30650-A6EF-4A03-9820-289C4FC505EC}
	EndGlobalSection
EndGlobal
